
Microsoft Visual Studio Solution File, Format Version 12.00
# Visual Studio Version 16
VisualStudioVersion = 16.0.33423.256
MinimumVisualStudioVersion = 10.0.40219.1
Project("{FAE04EC0-301F-11D3-BF4B-00C04F79EFBC}") = "FirstProject", "FirstProject\FirstProject.csproj", "{633C8DEE-EB02-4814-98C2-068AEF313831}"
EndProject
Project("{FAE04EC0-301F-11D3-BF4B-00C04F79EFBC}") = "AssignmentsCsharp", "AssignmentsCsharp\AssignmentsCsharp.csproj", "{1F14C5CC-F8A8-4816-8635-01F5819BC807}"
EndProject
Global
	GlobalSection(SolutionConfigurationPlatforms) = preSolution
		Debug|Any CPU = Debug|Any CPU
		Release|Any CPU = Release|Any CPU
	EndGlobalSection
	GlobalSection(ProjectConfigurationPlatforms) = postSolution
		{633C8DEE-EB02-4814-98C2-068AEF313831}.Debug|Any CPU.ActiveCfg = Debug|Any CPU
		{633C8DEE-EB02-4814-98C2-068AEF313831}.Debug|Any CPU.Build.0 = Debug|Any CPU
		{633C8DEE-EB02-4814-98C2-068AEF313831}.Release|Any CPU.ActiveCfg = Release|Any CPU
		{633C8DEE-EB02-4814-98C2-068AEF313831}.Release|Any CPU.Build.0 = Release|Any CPU
		{1F14C5CC-F8A8-4816-8635-01F5819BC807}.Debug|Any CPU.ActiveCfg = Debug|Any CPU
		{1F14C5CC-F8A8-4816-8635-01F5819BC807}.Debug|Any CPU.Build.0 = Debug|Any CPU
		{1F14C5CC-F8A8-4816-8635-01F5819BC807}.Release|Any CPU.ActiveCfg = Release|Any CPU
		{1F14C5CC-F8A8-4816-8635-01F5819BC807}.Release|Any CPU.Build.0 = Release|Any CPU
	EndGlobalSection
	GlobalSection(SolutionProperties) = preSolution
		HideSolutionNode = FALSE
	EndGlobalSection
	GlobalSection(ExtensibilityGlobals) = postSolution
		SolutionGuid = {7AA5C7A0-E4BF-4BF9-BD24-CF8BDC3CD0AB}
	EndGlobalSection
EndGlobal
